
Microsoft Visual Studio Solution File, Format Version 11.00
# Visual Studio 2010
Project("{FAE04EC0-301F-11D3-BF4B-00C04F79EFBC}") = "AstarPathfindingProject", "AstarPathfindingProject.csproj", "{74E309E3-3D0B-4DBE-B27C-6E30C016B20A}"
EndProject
Project("{FAE04EC0-301F-11D3-BF4B-00C04F79EFBC}") = "Assembly-CSharp", "Assembly-CSharp.csproj", "{F33EBD72-79F1-4FCF-5DB9-CA331A09EC7B}"
EndProject
Project("{FAE04EC0-301F-11D3-BF4B-00C04F79EFBC}") = "AstarPathfindingProjectEditor", "AstarPathfindingProjectEditor.csproj", "{F5857B3D-C236-1E73-8FDB-8CD9574B4A93}"
EndProject
Project("{FAE04EC0-301F-11D3-BF4B-00C04F79EFBC}") = "PackageToolsEditor", "PackageToolsEditor.csproj", "{37E1F3D0-C781-8789-12CF-E5558213AA42}"
EndProject
Global
	GlobalSection(SolutionConfigurationPlatforms) = preSolution
		Debug|Any CPU = Debug|Any CPU
		Release|Any CPU = Release|Any CPU
	EndGlobalSection
	GlobalSection(ProjectConfigurationPlatforms) = postSolution
		{74E309E3-3D0B-4DBE-B27C-6E30C016B20A}.Debug|Any CPU.ActiveCfg = Debug|Any CPU
		{74E309E3-3D0B-4DBE-B27C-6E30C016B20A}.Debug|Any CPU.Build.0 = Debug|Any CPU
		{74E309E3-3D0B-4DBE-B27C-6E30C016B20A}.Release|Any CPU.ActiveCfg = Release|Any CPU
		{74E309E3-3D0B-4DBE-B27C-6E30C016B20A}.Release|Any CPU.Build.0 = Release|Any CPU
		{F33EBD72-79F1-4FCF-5DB9-CA331A09EC7B}.Debug|Any CPU.ActiveCfg = Debug|Any CPU
		{F33EBD72-79F1-4FCF-5DB9-CA331A09EC7B}.Debug|Any CPU.Build.0 = Debug|Any CPU
		{F33EBD72-79F1-4FCF-5DB9-CA331A09EC7B}.Release|Any CPU.ActiveCfg = Release|Any CPU
		{F33EBD72-79F1-4FCF-5DB9-CA331A09EC7B}.Release|Any CPU.Build.0 = Release|Any CPU
		{F5857B3D-C236-1E73-8FDB-8CD9574B4A93}.Debug|Any CPU.ActiveCfg = Debug|Any CPU
		{F5857B3D-C236-1E73-8FDB-8CD9574B4A93}.Debug|Any CPU.Build.0 = Debug|Any CPU
		{F5857B3D-C236-1E73-8FDB-8CD9574B4A93}.Release|Any CPU.ActiveCfg = Release|Any CPU
		{F5857B3D-C236-1E73-8FDB-8CD9574B4A93}.Release|Any CPU.Build.0 = Release|Any CPU
		{37E1F3D0-C781-8789-12CF-E5558213AA42}.Debug|Any CPU.ActiveCfg = Debug|Any CPU
		{37E1F3D0-C781-8789-12CF-E5558213AA42}.Debug|Any CPU.Build.0 = Debug|Any CPU
		{37E1F3D0-C781-8789-12CF-E5558213AA42}.Release|Any CPU.ActiveCfg = Release|Any CPU
		{37E1F3D0-C781-8789-12CF-E5558213AA42}.Release|Any CPU.Build.0 = Release|Any CPU
	EndGlobalSection
	GlobalSection(SolutionProperties) = preSolution
		HideSolutionNode = FALSE
	EndGlobalSection
EndGlobal
